
Microsoft Visual Studio Solution File, Format Version 12.00
# Visual Studio Version 17
VisualStudioVersion = 17.0.32014.148
MinimumVisualStudioVersion = 10.0.40219.1
Project("{9A19103F-16F7-4668-BE54-9A1E7A4F7556}") = "Apilane.Common", "src\Apilane.Common\Apilane.Common.csproj", "{7AFACB37-9024-474D-B3DE-5C9447D2B961}"
EndProject
Project("{9A19103F-16F7-4668-BE54-9A1E7A4F7556}") = "Apilane.Api.Core", "src\Apilane.Api.Core\Apilane.Api.Core.csproj", "{8615A945-2AB2-4CAB-A330-54272E181DC5}"
EndProject
Project("{9A19103F-16F7-4668-BE54-9A1E7A4F7556}") = "Apilane.Data", "src\Apilane.Data\Apilane.Data.csproj", "{63B43ECB-7FCD-4706-8060-1AF5877C3D9F}"
EndProject
Project("{9A19103F-16F7-4668-BE54-9A1E7A4F7556}") = "Apilane.Api", "src\Apilane.Api\Apilane.Api.csproj", "{325E1126-0668-4CF9-A9EB-A9EE17118442}"
EndProject
Project("{9A19103F-16F7-4668-BE54-9A1E7A4F7556}") = "Apilane.Portal", "src\Apilane.Portal\Apilane.Portal.csproj", "{49855A21-07E6-4323-A187-A9131CFBB2DA}"
EndProject
Project("{2150E333-8FDC-42A3-9474-1A3956D46DE8}") = "misc", "misc", "{BE8EF20A-5557-451B-9E3C-B345B4CAEA87}"
	ProjectSection(SolutionItems) = preProject
		.editorconfig = .editorconfig
		CHANGELOG.md = CHANGELOG.md
		CONTRIBUTING.md = CONTRIBUTING.md
		LICENSE = LICENSE
		README.md = README.md
	EndProjectSection
EndProject
Project("{2150E333-8FDC-42A3-9474-1A3956D46DE8}") = "sdk", "sdk", "{F729F015-1D46-41DB-B6A8-84E4FB976443}"
EndProject
Project("{9A19103F-16F7-4668-BE54-9A1E7A4F7556}") = "Apilane.Net", "sdk\Apilane.Net\Apilane.Net.csproj", "{60918BA4-4CDE-4494-8D56-478D4D2E5558}"
EndProject
Project("{2150E333-8FDC-42A3-9474-1A3956D46DE8}") = "tests", "tests", "{E315B173-DF38-44BE-A412-686DAAABCD37}"
EndProject
Project("{9A19103F-16F7-4668-BE54-9A1E7A4F7556}") = "Apilane.Api.Component.Tests", "tests\Apilane.Api.Component.Tests\Apilane.Api.Component.Tests.csproj", "{D65FD392-D454-4A30-84DC-EBE28F12C67C}"
EndProject
Project("{9A19103F-16F7-4668-BE54-9A1E7A4F7556}") = "Apilane.UnitTests", "tests\Apilane.UnitTests\Apilane.UnitTests.csproj", "{48B6AE8C-972F-47D8-B9A8-828B62839EC3}"
EndProject
Project("{2150E333-8FDC-42A3-9474-1A3956D46DE8}") = "docs", "docs", "{90423DC3-EC36-40C0-82C4-9620F34DD6B2}"
	ProjectSection(SolutionItems) = preProject
		docs\diagram.excalidraw = docs\diagram.excalidraw
		docs\mkdocs.yml = docs\mkdocs.yml
	EndProjectSection
EndProject
Project("{2150E333-8FDC-42A3-9474-1A3956D46DE8}") = "docs", "docs", "{B9A9401E-790D-4DAF-9433-9D49CF9263A3}"
	ProjectSection(SolutionItems) = preProject
		docs\docs\concepts.md = docs\docs\concepts.md
		docs\docs\deployment.md = docs\docs\deployment.md
		docs\docs\getting_started.md = docs\docs\getting_started.md
		docs\docs\index.md = docs\docs\index.md
		docs\docs\security_considerations.md = docs\docs\security_considerations.md
	EndProjectSection
EndProject
Project("{2150E333-8FDC-42A3-9474-1A3956D46DE8}") = "assets", "assets", "{C2F03EFF-19F1-4C6B-9588-DBAEA4A559E1}"
	ProjectSection(SolutionItems) = preProject
		docs\docs\assets\allow_ip.png = docs\docs\assets\allow_ip.png
		docs\docs\assets\allow_register.png = docs\docs\assets\allow_register.png
		docs\docs\assets\apilane.png = docs\docs\assets\apilane.png
		docs\docs\assets\application_create.png = docs\docs\assets\application_create.png
		docs\docs\assets\custom_endpoints.png = docs\docs\assets\custom_endpoints.png
		docs\docs\assets\docker-compose.yaml = docs\docs\assets\docker-compose.yaml
		docs\docs\assets\email_confirm_land.png = docs\docs\assets\email_confirm_land.png
		docs\docs\assets\email_settings.png = docs\docs\assets\email_settings.png
		docs\docs\assets\email_templates.png = docs\docs\assets\email_templates.png
		docs\docs\assets\favicon.png = docs\docs\assets\favicon.png
		docs\docs\assets\overview.png = docs\docs\assets\overview.png
		docs\docs\assets\report_create.png = docs\docs\assets\report_create.png
		docs\docs\assets\report_grid.png = docs\docs\assets\report_grid.png
		docs\docs\assets\report_line.png = docs\docs\assets\report_line.png
		docs\docs\assets\report_pie.png = docs\docs\assets\report_pie.png
		docs\docs\assets\sample_setup_1.png = docs\docs\assets\sample_setup_1.png
		docs\docs\assets\sample_setup_2.png = docs\docs\assets\sample_setup_2.png
		docs\docs\assets\sample_setup_3.png = docs\docs\assets\sample_setup_3.png
		docs\docs\assets\security_access_1.png = docs\docs\assets\security_access_1.png
		docs\docs\assets\security_access_2.png = docs\docs\assets\security_access_2.png
		docs\docs\assets\security_access_3.png = docs\docs\assets\security_access_3.png
		docs\docs\assets\security_ipblock.png = docs\docs\assets\security_ipblock.png
		docs\docs\assets\security_register.png = docs\docs\assets\security_register.png
		docs\docs\assets\security_signin.png = docs\docs\assets\security_signin.png
		docs\docs\assets\server_create.png = docs\docs\assets\server_create.png
		docs\docs\assets\server_k8s.png = docs\docs\assets\server_k8s.png
	EndProjectSection
EndProject
Project("{2150E333-8FDC-42A3-9474-1A3956D46DE8}") = "developer_guide", "developer_guide", "{C9EC0B0B-BD5A-4977-9A05-32A52F7177BF}"
	ProjectSection(SolutionItems) = preProject
		docs\docs\developer_guide\application.md = docs\docs\developer_guide\application.md
		docs\docs\developer_guide\custom_endpoints.md = docs\docs\developer_guide\custom_endpoints.md
		docs\docs\developer_guide\email_templates.md = docs\docs\developer_guide\email_templates.md
		docs\docs\developer_guide\reports.md = docs\docs\developer_guide\reports.md
		docs\docs\developer_guide\sdk.md = docs\docs\developer_guide\sdk.md
		docs\docs\developer_guide\security.md = docs\docs\developer_guide\security.md
		docs\docs\developer_guide\server_overview.md = docs\docs\developer_guide\server_overview.md
		docs\docs\developer_guide\storage_providers.md = docs\docs\developer_guide\storage_providers.md
	EndProjectSection
EndProject
Project("{2150E333-8FDC-42A3-9474-1A3956D46DE8}") = "licenses", "licenses", "{996916D6-04A2-4416-A081-0C841E317CFD}"
	ProjectSection(SolutionItems) = preProject
		licenses\FakeItEasy-MIT = licenses\FakeItEasy-MIT
		licenses\LigerShark.WebOptimizer.Core-Apache-2.0 = licenses\LigerShark.WebOptimizer.Core-Apache-2.0
		licenses\MySqlConnector-MIT = licenses\MySqlConnector-MIT
		licenses\OpenTelemetry-Apache-2.0 = licenses\OpenTelemetry-Apache-2.0
		licenses\OrleansDashboard-MIT = licenses\OrleansDashboard-MIT
		licenses\Serilog-Apache-2.0 = licenses\Serilog-Apache-2.0
		licenses\Swashbuckle.AspNetCore-MIT = licenses\Swashbuckle.AspNetCore-MIT
		licenses\System.Data.SQLite.Core = licenses\System.Data.SQLite.Core
		licenses\xunit-Apache-2.0 = licenses\xunit-Apache-2.0
	EndProjectSection
EndProject
Global
	GlobalSection(SolutionConfigurationPlatforms) = preSolution
		Debug|Any CPU = Debug|Any CPU
		Debug|x86 = Debug|x86
		Release|Any CPU = Release|Any CPU
		Release|x86 = Release|x86
	EndGlobalSection
	GlobalSection(ProjectConfigurationPlatforms) = postSolution
		{7AFACB37-9024-474D-B3DE-5C9447D2B961}.Debug|Any CPU.ActiveCfg = Debug|Any CPU
		{7AFACB37-9024-474D-B3DE-5C9447D2B961}.Debug|Any CPU.Build.0 = Debug|Any CPU
		{7AFACB37-9024-474D-B3DE-5C9447D2B961}.Debug|x86.ActiveCfg = Debug|Any CPU
		{7AFACB37-9024-474D-B3DE-5C9447D2B961}.Debug|x86.Build.0 = Debug|Any CPU
		{7AFACB37-9024-474D-B3DE-5C9447D2B961}.Release|Any CPU.ActiveCfg = Release|Any CPU
		{7AFACB37-9024-474D-B3DE-5C9447D2B961}.Release|Any CPU.Build.0 = Release|Any CPU
		{7AFACB37-9024-474D-B3DE-5C9447D2B961}.Release|x86.ActiveCfg = Release|Any CPU
		{7AFACB37-9024-474D-B3DE-5C9447D2B961}.Release|x86.Build.0 = Release|Any CPU
		{8615A945-2AB2-4CAB-A330-54272E181DC5}.Debug|Any CPU.ActiveCfg = Debug|Any CPU
		{8615A945-2AB2-4CAB-A330-54272E181DC5}.Debug|Any CPU.Build.0 = Debug|Any CPU
		{8615A945-2AB2-4CAB-A330-54272E181DC5}.Debug|x86.ActiveCfg = Debug|Any CPU
		{8615A945-2AB2-4CAB-A330-54272E181DC5}.Debug|x86.Build.0 = Debug|Any CPU
		{8615A945-2AB2-4CAB-A330-54272E181DC5}.Release|Any CPU.ActiveCfg = Release|Any CPU
		{8615A945-2AB2-4CAB-A330-54272E181DC5}.Release|Any CPU.Build.0 = Release|Any CPU
		{8615A945-2AB2-4CAB-A330-54272E181DC5}.Release|x86.ActiveCfg = Release|Any CPU
		{8615A945-2AB2-4CAB-A330-54272E181DC5}.Release|x86.Build.0 = Release|Any CPU
		{63B43ECB-7FCD-4706-8060-1AF5877C3D9F}.Debug|Any CPU.ActiveCfg = Debug|Any CPU
		{63B43ECB-7FCD-4706-8060-1AF5877C3D9F}.Debug|Any CPU.Build.0 = Debug|Any CPU
		{63B43ECB-7FCD-4706-8060-1AF5877C3D9F}.Debug|x86.ActiveCfg = Debug|Any CPU
		{63B43ECB-7FCD-4706-8060-1AF5877C3D9F}.Debug|x86.Build.0 = Debug|Any CPU
		{63B43ECB-7FCD-4706-8060-1AF5877C3D9F}.Release|Any CPU.ActiveCfg = Release|Any CPU
		{63B43ECB-7FCD-4706-8060-1AF5877C3D9F}.Release|Any CPU.Build.0 = Release|Any CPU
		{63B43ECB-7FCD-4706-8060-1AF5877C3D9F}.Release|x86.ActiveCfg = Release|Any CPU
		{63B43ECB-7FCD-4706-8060-1AF5877C3D9F}.Release|x86.Build.0 = Release|Any CPU
		{325E1126-0668-4CF9-A9EB-A9EE17118442}.Debug|Any CPU.ActiveCfg = Debug|Any CPU
		{325E1126-0668-4CF9-A9EB-A9EE17118442}.Debug|Any CPU.Build.0 = Debug|Any CPU
		{325E1126-0668-4CF9-A9EB-A9EE17118442}.Debug|x86.ActiveCfg = Debug|Any CPU
		{325E1126-0668-4CF9-A9EB-A9EE17118442}.Debug|x86.Build.0 = Debug|Any CPU
		{325E1126-0668-4CF9-A9EB-A9EE17118442}.Release|Any CPU.ActiveCfg = Release|Any CPU
		{325E1126-0668-4CF9-A9EB-A9EE17118442}.Release|Any CPU.Build.0 = Release|Any CPU
		{325E1126-0668-4CF9-A9EB-A9EE17118442}.Release|x86.ActiveCfg = Release|Any CPU
		{325E1126-0668-4CF9-A9EB-A9EE17118442}.Release|x86.Build.0 = Release|Any CPU
		{49855A21-07E6-4323-A187-A9131CFBB2DA}.Debug|Any CPU.ActiveCfg = Debug|Any CPU
		{49855A21-07E6-4323-A187-A9131CFBB2DA}.Debug|Any CPU.Build.0 = Debug|Any CPU
		{49855A21-07E6-4323-A187-A9131CFBB2DA}.Debug|x86.ActiveCfg = Debug|Any CPU
		{49855A21-07E6-4323-A187-A9131CFBB2DA}.Debug|x86.Build.0 = Debug|Any CPU
		{49855A21-07E6-4323-A187-A9131CFBB2DA}.Release|Any CPU.ActiveCfg = Release|Any CPU
		{49855A21-07E6-4323-A187-A9131CFBB2DA}.Release|Any CPU.Build.0 = Release|Any CPU
		{49855A21-07E6-4323-A187-A9131CFBB2DA}.Release|x86.ActiveCfg = Release|Any CPU
		{49855A21-07E6-4323-A187-A9131CFBB2DA}.Release|x86.Build.0 = Release|Any CPU
		{60918BA4-4CDE-4494-8D56-478D4D2E5558}.Debug|Any CPU.ActiveCfg = Debug|Any CPU
		{60918BA4-4CDE-4494-8D56-478D4D2E5558}.Debug|Any CPU.Build.0 = Debug|Any CPU
		{60918BA4-4CDE-4494-8D56-478D4D2E5558}.Debug|x86.ActiveCfg = Debug|Any CPU
		{60918BA4-4CDE-4494-8D56-478D4D2E5558}.Debug|x86.Build.0 = Debug|Any CPU
		{60918BA4-4CDE-4494-8D56-478D4D2E5558}.Release|Any CPU.ActiveCfg = Release|Any CPU
		{60918BA4-4CDE-4494-8D56-478D4D2E5558}.Release|Any CPU.Build.0 = Release|Any CPU
		{60918BA4-4CDE-4494-8D56-478D4D2E5558}.Release|x86.ActiveCfg = Release|Any CPU
		{60918BA4-4CDE-4494-8D56-478D4D2E5558}.Release|x86.Build.0 = Release|Any CPU
		{D65FD392-D454-4A30-84DC-EBE28F12C67C}.Debug|Any CPU.ActiveCfg = Debug|Any CPU
		{D65FD392-D454-4A30-84DC-EBE28F12C67C}.Debug|Any CPU.Build.0 = Debug|Any CPU
		{D65FD392-D454-4A30-84DC-EBE28F12C67C}.Debug|x86.ActiveCfg = Debug|Any CPU
		{D65FD392-D454-4A30-84DC-EBE28F12C67C}.Debug|x86.Build.0 = Debug|Any CPU
		{D65FD392-D454-4A30-84DC-EBE28F12C67C}.Release|Any CPU.ActiveCfg = Release|Any CPU
		{D65FD392-D454-4A30-84DC-EBE28F12C67C}.Release|Any CPU.Build.0 = Release|Any CPU
		{D65FD392-D454-4A30-84DC-EBE28F12C67C}.Release|x86.ActiveCfg = Release|Any CPU
		{D65FD392-D454-4A30-84DC-EBE28F12C67C}.Release|x86.Build.0 = Release|Any CPU
		{48B6AE8C-972F-47D8-B9A8-828B62839EC3}.Debug|Any CPU.ActiveCfg = Debug|Any CPU
		{48B6AE8C-972F-47D8-B9A8-828B62839EC3}.Debug|Any CPU.Build.0 = Debug|Any CPU
		{48B6AE8C-972F-47D8-B9A8-828B62839EC3}.Debug|x86.ActiveCfg = Debug|Any CPU
		{48B6AE8C-972F-47D8-B9A8-828B62839EC3}.Debug|x86.Build.0 = Debug|Any CPU
		{48B6AE8C-972F-47D8-B9A8-828B62839EC3}.Release|Any CPU.ActiveCfg = Release|Any CPU
		{48B6AE8C-972F-47D8-B9A8-828B62839EC3}.Release|Any CPU.Build.0 = Release|Any CPU
		{48B6AE8C-972F-47D8-B9A8-828B62839EC3}.Release|x86.ActiveCfg = Release|Any CPU
		{48B6AE8C-972F-47D8-B9A8-828B62839EC3}.Release|x86.Build.0 = Release|Any CPU
	EndGlobalSection
	GlobalSection(SolutionProperties) = preSolution
		HideSolutionNode = FALSE
	EndGlobalSection
	GlobalSection(NestedProjects) = preSolution
		{60918BA4-4CDE-4494-8D56-478D4D2E5558} = {F729F015-1D46-41DB-B6A8-84E4FB976443}
		{D65FD392-D454-4A30-84DC-EBE28F12C67C} = {E315B173-DF38-44BE-A412-686DAAABCD37}
		{48B6AE8C-972F-47D8-B9A8-828B62839EC3} = {E315B173-DF38-44BE-A412-686DAAABCD37}
		{B9A9401E-790D-4DAF-9433-9D49CF9263A3} = {90423DC3-EC36-40C0-82C4-9620F34DD6B2}
		{C2F03EFF-19F1-4C6B-9588-DBAEA4A559E1} = {B9A9401E-790D-4DAF-9433-9D49CF9263A3}
		{C9EC0B0B-BD5A-4977-9A05-32A52F7177BF} = {B9A9401E-790D-4DAF-9433-9D49CF9263A3}
		{996916D6-04A2-4416-A081-0C841E317CFD} = {BE8EF20A-5557-451B-9E3C-B345B4CAEA87}
	EndGlobalSection
	GlobalSection(ExtensibilityGlobals) = postSolution
		SolutionGuid = {1CE543A9-552F-4700-878C-A89AEA809584}
	EndGlobalSection
EndGlobal
